
Microsoft Visual Studio Solution File, Format Version 12.00
# Visual Studio Version 16
VisualStudioVersion = 16.0.30503.244
MinimumVisualStudioVersion = 10.0.40219.1
Project("{FAE04EC0-301F-11D3-BF4B-00C04F79EFBC}") = "LR9", "LR9\LR9.csproj", "{72EF100C-7997-4485-B8AC-AE0FAB82C2FE}"
EndProject
Global
	GlobalSection(SolutionConfigurationPlatforms) = preSolution
		Debug|Any CPU = Debug|Any CPU
		Release|Any CPU = Release|Any CPU
	EndGlobalSection
	GlobalSection(ProjectConfigurationPlatforms) = postSolution
		{72EF100C-7997-4485-B8AC-AE0FAB82C2FE}.Debug|Any CPU.ActiveCfg = Debug|Any CPU
		{72EF100C-7997-4485-B8AC-AE0FAB82C2FE}.Debug|Any CPU.Build.0 = Debug|Any CPU
		{72EF100C-7997-4485-B8AC-AE0FAB82C2FE}.Release|Any CPU.ActiveCfg = Release|Any CPU
		{72EF100C-7997-4485-B8AC-AE0FAB82C2FE}.Release|Any CPU.Build.0 = Release|Any CPU
	EndGlobalSection
	GlobalSection(SolutionProperties) = preSolution
		HideSolutionNode = FALSE
	EndGlobalSection
	GlobalSection(ExtensibilityGlobals) = postSolution
		SolutionGuid = {432DAAE9-B443-48B2-8EE8-1A73825FBCE6}
	EndGlobalSection
EndGlobal
